
Microsoft Visual Studio Solution File, Format Version 12.00
# Visual Studio Version 16
VisualStudioVersion = 16.0.30011.22
MinimumVisualStudioVersion = 10.0.40219.1
Project("{9A19103F-16F7-4668-BE54-9A1E7A4F7556}") = "PDF", "PDF\PDF.csproj", "{53CB54E2-4AB1-4ADF-9A7C-5D017B3E32F9}"
EndProject
Project("{FAE04EC0-301F-11D3-BF4B-00C04F79EFBC}") = "PDF.Core", "PDF.Core\PDF.Core.csproj", "{818466D1-9D18-451D-BA2C-1ED160F6EA36}"
EndProject
Global
	GlobalSection(SolutionConfigurationPlatforms) = preSolution
		Debug|Any CPU = Debug|Any CPU
		Release|Any CPU = Release|Any CPU
	EndGlobalSection
	GlobalSection(ProjectConfigurationPlatforms) = postSolution
		{53CB54E2-4AB1-4ADF-9A7C-5D017B3E32F9}.Debug|Any CPU.ActiveCfg = Debug|Any CPU
		{53CB54E2-4AB1-4ADF-9A7C-5D017B3E32F9}.Debug|Any CPU.Build.0 = Debug|Any CPU
		{53CB54E2-4AB1-4ADF-9A7C-5D017B3E32F9}.Release|Any CPU.ActiveCfg = Release|Any CPU
		{53CB54E2-4AB1-4ADF-9A7C-5D017B3E32F9}.Release|Any CPU.Build.0 = Release|Any CPU
		{818466D1-9D18-451D-BA2C-1ED160F6EA36}.Debug|Any CPU.ActiveCfg = Debug|Any CPU
		{818466D1-9D18-451D-BA2C-1ED160F6EA36}.Debug|Any CPU.Build.0 = Debug|Any CPU
		{818466D1-9D18-451D-BA2C-1ED160F6EA36}.Release|Any CPU.ActiveCfg = Release|Any CPU
		{818466D1-9D18-451D-BA2C-1ED160F6EA36}.Release|Any CPU.Build.0 = Release|Any CPU
	EndGlobalSection
	GlobalSection(SolutionProperties) = preSolution
		HideSolutionNode = FALSE
	EndGlobalSection
	GlobalSection(ExtensibilityGlobals) = postSolution
		SolutionGuid = {278F1CD0-0674-418B-8E00-B759F168FE37}
	EndGlobalSection
EndGlobal
